
Microsoft Visual Studio Solution File, Format Version 12.00
# Visual Studio Version 16
VisualStudioVersion = 16.0.32901.82
MinimumVisualStudioVersion = 10.0.40219.1
Project("{9A19103F-16F7-4668-BE54-9A1E7A4F7556}") = "TB1IGK_HFT_2022231.Client", "TB1IGK_HFT_2022231.Client\TB1IGK_HFT_2022231.Client.csproj", "{92354E76-6D36-4B33-BCCB-10AA22ED60BD}"
EndProject
Project("{9A19103F-16F7-4668-BE54-9A1E7A4F7556}") = "TB1IGK_HFT_2022231.Models", "TB1IGK_HFT_2022231.Models\TB1IGK_HFT_2022231.Models.csproj", "{A7606E9D-27DD-47E0-9EAC-6EBA1F302A20}"
EndProject
Project("{9A19103F-16F7-4668-BE54-9A1E7A4F7556}") = "TB1IGK_HFT_2022231.Logic", "TB1IGK_HFT_2022231.Logic\TB1IGK_HFT_2022231.Logic.csproj", "{2551E340-1202-4796-89E5-F19B3D53371A}"
EndProject
Project("{9A19103F-16F7-4668-BE54-9A1E7A4F7556}") = "TB1IGK_HFT_2022231.Repository", "TB1IGK_HFT_2022231.Repository\TB1IGK_HFT_2022231.Repository.csproj", "{0D50E365-BEA8-4A55-AC41-4D2FA225B99D}"
EndProject
Project("{9A19103F-16F7-4668-BE54-9A1E7A4F7556}") = "TB1IGK_HFT_2022231.Test", "TB1IGK_HFT_2022231.Test\TB1IGK_HFT_2022231.Test.csproj", "{39F5074F-A29D-4535-BC5E-F982B245BEA5}"
EndProject
Project("{9A19103F-16F7-4668-BE54-9A1E7A4F7556}") = "TB1IGK_HFT_2022231.Endpoint", "TB1IGK_HFT_2022231.Endpoint\TB1IGK_HFT_2022231.Endpoint.csproj", "{B26F2108-2731-485C-97ED-469290CFCD4A}"
EndProject
Project("{2150E333-8FDC-42A3-9474-1A3956D46DE8}") = "Backend", "Backend", "{E4C1FB49-CDD3-47C6-B641-46698A5AAED2}"
EndProject
Project("{2150E333-8FDC-42A3-9474-1A3956D46DE8}") = "Frontend", "Frontend", "{3C7982A5-42CE-4626-9DD5-C86B1462D32D}"
EndProject
Project("{2150E333-8FDC-42A3-9474-1A3956D46DE8}") = "Shared", "Shared", "{8B2728A3-2CF5-4D7E-B39D-848B117F57AF}"
EndProject
Project("{2150E333-8FDC-42A3-9474-1A3956D46DE8}") = "Others", "Others", "{5177E6EA-3AFE-4878-BCA0-BD88403C74D7}"
	ProjectSection(SolutionItems) = preProject
		.gitignore = .gitignore
	EndProjectSection
EndProject
Project("{FAE04EC0-301F-11D3-BF4B-00C04F79EFBC}") = "TB1IGK_HFT_2022231.WpfClient", "TB1IGK_HFT_2022231.WpfClient\TB1IGK_HFT_2022231.WpfClient.csproj", "{BCDDE280-4648-4D77-8CAC-5DDA52AF4D23}"
EndProject
Global
	GlobalSection(SolutionConfigurationPlatforms) = preSolution
		Debug|Any CPU = Debug|Any CPU
		Release|Any CPU = Release|Any CPU
	EndGlobalSection
	GlobalSection(ProjectConfigurationPlatforms) = postSolution
		{92354E76-6D36-4B33-BCCB-10AA22ED60BD}.Debug|Any CPU.ActiveCfg = Debug|Any CPU
		{92354E76-6D36-4B33-BCCB-10AA22ED60BD}.Debug|Any CPU.Build.0 = Debug|Any CPU
		{92354E76-6D36-4B33-BCCB-10AA22ED60BD}.Release|Any CPU.ActiveCfg = Release|Any CPU
		{92354E76-6D36-4B33-BCCB-10AA22ED60BD}.Release|Any CPU.Build.0 = Release|Any CPU
		{A7606E9D-27DD-47E0-9EAC-6EBA1F302A20}.Debug|Any CPU.ActiveCfg = Debug|Any CPU
		{A7606E9D-27DD-47E0-9EAC-6EBA1F302A20}.Debug|Any CPU.Build.0 = Debug|Any CPU
		{A7606E9D-27DD-47E0-9EAC-6EBA1F302A20}.Release|Any CPU.ActiveCfg = Release|Any CPU
		{A7606E9D-27DD-47E0-9EAC-6EBA1F302A20}.Release|Any CPU.Build.0 = Release|Any CPU
		{2551E340-1202-4796-89E5-F19B3D53371A}.Debug|Any CPU.ActiveCfg = Debug|Any CPU
		{2551E340-1202-4796-89E5-F19B3D53371A}.Debug|Any CPU.Build.0 = Debug|Any CPU
		{2551E340-1202-4796-89E5-F19B3D53371A}.Release|Any CPU.ActiveCfg = Release|Any CPU
		{2551E340-1202-4796-89E5-F19B3D53371A}.Release|Any CPU.Build.0 = Release|Any CPU
		{0D50E365-BEA8-4A55-AC41-4D2FA225B99D}.Debug|Any CPU.ActiveCfg = Debug|Any CPU
		{0D50E365-BEA8-4A55-AC41-4D2FA225B99D}.Debug|Any CPU.Build.0 = Debug|Any CPU
		{0D50E365-BEA8-4A55-AC41-4D2FA225B99D}.Release|Any CPU.ActiveCfg = Release|Any CPU
		{0D50E365-BEA8-4A55-AC41-4D2FA225B99D}.Release|Any CPU.Build.0 = Release|Any CPU
		{39F5074F-A29D-4535-BC5E-F982B245BEA5}.Debug|Any CPU.ActiveCfg = Debug|Any CPU
		{39F5074F-A29D-4535-BC5E-F982B245BEA5}.Debug|Any CPU.Build.0 = Debug|Any CPU
		{39F5074F-A29D-4535-BC5E-F982B245BEA5}.Release|Any CPU.ActiveCfg = Release|Any CPU
		{39F5074F-A29D-4535-BC5E-F982B245BEA5}.Release|Any CPU.Build.0 = Release|Any CPU
		{B26F2108-2731-485C-97ED-469290CFCD4A}.Debug|Any CPU.ActiveCfg = Debug|Any CPU
		{B26F2108-2731-485C-97ED-469290CFCD4A}.Debug|Any CPU.Build.0 = Debug|Any CPU
		{B26F2108-2731-485C-97ED-469290CFCD4A}.Release|Any CPU.ActiveCfg = Release|Any CPU
		{B26F2108-2731-485C-97ED-469290CFCD4A}.Release|Any CPU.Build.0 = Release|Any CPU
		{BCDDE280-4648-4D77-8CAC-5DDA52AF4D23}.Debug|Any CPU.ActiveCfg = Debug|Any CPU
		{BCDDE280-4648-4D77-8CAC-5DDA52AF4D23}.Debug|Any CPU.Build.0 = Debug|Any CPU
		{BCDDE280-4648-4D77-8CAC-5DDA52AF4D23}.Release|Any CPU.ActiveCfg = Release|Any CPU
		{BCDDE280-4648-4D77-8CAC-5DDA52AF4D23}.Release|Any CPU.Build.0 = Release|Any CPU
	EndGlobalSection
	GlobalSection(SolutionProperties) = preSolution
		HideSolutionNode = FALSE
	EndGlobalSection
	GlobalSection(NestedProjects) = preSolution
		{92354E76-6D36-4B33-BCCB-10AA22ED60BD} = {3C7982A5-42CE-4626-9DD5-C86B1462D32D}
		{A7606E9D-27DD-47E0-9EAC-6EBA1F302A20} = {8B2728A3-2CF5-4D7E-B39D-848B117F57AF}
		{2551E340-1202-4796-89E5-F19B3D53371A} = {E4C1FB49-CDD3-47C6-B641-46698A5AAED2}
		{0D50E365-BEA8-4A55-AC41-4D2FA225B99D} = {E4C1FB49-CDD3-47C6-B641-46698A5AAED2}
		{39F5074F-A29D-4535-BC5E-F982B245BEA5} = {E4C1FB49-CDD3-47C6-B641-46698A5AAED2}
		{B26F2108-2731-485C-97ED-469290CFCD4A} = {E4C1FB49-CDD3-47C6-B641-46698A5AAED2}
	EndGlobalSection
	GlobalSection(ExtensibilityGlobals) = postSolution
		SolutionGuid = {D5A9F308-F2B0-427D-838E-362A61FD553B}
	EndGlobalSection
EndGlobal
